// !$*UTF8*$!
{
	archiveVersion = 1;
	classes = {
	};
	objectVersion = 46;
	objects = {

/* Begin PBXBuildFile section */
		811ED9F61CE959A800ABAB5B /* AppDelegate.swift in Sources */ = {isa = PBXBuildFile; fileRef = 811ED9F51CE959A800ABAB5B /* AppDelegate.swift */; };
		811ED9FB1CE959A800ABAB5B /* Main.storyboard in Resources */ = {isa = PBXBuildFile; fileRef = 811ED9F91CE959A800ABAB5B /* Main.storyboard */; };
		811ED9FD1CE959A800ABAB5B /* Assets.xcassets in Resources */ = {isa = PBXBuildFile; fileRef = 811ED9FC1CE959A800ABAB5B /* Assets.xcassets */; };
		811EDA0B1CE959A800ABAB5B /* FrostedFlicksTests.swift in Sources */ = {isa = PBXBuildFile; fileRef = 811EDA0A1CE959A800ABAB5B /* FrostedFlicksTests.swift */; };
		811EDA161CE9696600ABAB5B /* FlickrGalleryViewController.swift in Sources */ = {isa = PBXBuildFile; fileRef = 811EDA151CE9696600ABAB5B /* FlickrGalleryViewController.swift */; };
		812C53941CEFE3D000A0EA47 /* FlickrApi.swift in Sources */ = {isa = PBXBuildFile; fileRef = 812C53931CEFE3D000A0EA47 /* FlickrApi.swift */; };
		815774561CEC0630004EC3D1 /* FullscreenViewController.swift in Sources */ = {isa = PBXBuildFile; fileRef = 815774551CEC0630004EC3D1 /* FullscreenViewController.swift */; };
		81CA0B341CE9ACB400053FAC /* FlickrImage.swift in Sources */ = {isa = PBXBuildFile; fileRef = 81CA0B331CE9ACB400053FAC /* FlickrImage.swift */; };
		81CA0B381CEA788F00053FAC /* FlickrImageTableViewCell.swift in Sources */ = {isa = PBXBuildFile; fileRef = 81CA0B371CEA788F00053FAC /* FlickrImageTableViewCell.swift */; };
		A65227D629F70FF2170C85B3 /* Pods_FrostedFlicksTests.framework in Frameworks */ = {isa = PBXBuildFile; fileRef = 8B28A8118049C975C472FCAE /* Pods_FrostedFlicksTests.framework */; };
		B73D858C5E39774119378FE0 /* Pods_FrostedFlicks.framework in Frameworks */ = {isa = PBXBuildFile; fileRef = EEA2B70EF684A739D018DD68 /* Pods_FrostedFlicks.framework */; };
/* End PBXBuildFile section */

/* Begin PBXContainerItemProxy section */
		811EDA071CE959A800ABAB5B /* PBXContainerItemProxy */ = {
			isa = PBXContainerItemProxy;
			containerPortal = 811ED9EA1CE959A800ABAB5B /* Project object */;
			proxyType = 1;
			remoteGlobalIDString = 811ED9F11CE959A800ABAB5B;
			remoteInfo = FrostedFlicks;
		};
/* End PBXContainerItemProxy section */

/* Begin PBXFileReference section */
		0F915E0DCF605754BF1CB2E6 /* Pods-FrostedFlicks.release.xcconfig */ = {isa = PBXFileReference; includeInIndex = 1; lastKnownFileType = text.xcconfig; name = "Pods-FrostedFlicks.release.xcconfig"; path = "Pods/Target Support Files/Pods-FrostedFlicks/Pods-FrostedFlicks.release.xcconfig"; sourceTree = "<group>"; };
		36DA7F959ADC480C6E6B8079 /* Pods-FrostedFlicksTests.release.xcconfig */ = {isa = PBXFileReference; includeInIndex = 1; lastKnownFileType = text.xcconfig; name = "Pods-FrostedFlicksTests.release.xcconfig"; path = "Pods/Target Support Files/Pods-FrostedFlicksTests/Pods-FrostedFlicksTests.release.xcconfig"; sourceTree = "<group>"; };
		811ED9F21CE959A800ABAB5B /* FrostedFlicks.app */ = {isa = PBXFileReference; explicitFileType = wrapper.application; includeInIndex = 0; path = FrostedFlicks.app; sourceTree = BUILT_PRODUCTS_DIR; };
		811ED9F51CE959A800ABAB5B /* AppDelegate.swift */ = {isa = PBXFileReference; lastKnownFileType = sourcecode.swift; path = AppDelegate.swift; sourceTree = "<group>"; };
		811ED9FA1CE959A800ABAB5B /* Base */ = {isa = PBXFileReference; lastKnownFileType = file.storyboard; name = Base; path = Base.lproj/Main.storyboard; sourceTree = "<group>"; };
		811ED9FC1CE959A800ABAB5B /* Assets.xcassets */ = {isa = PBXFileReference; lastKnownFileType = folder.assetcatalog; path = Assets.xcassets; sourceTree = "<group>"; };
		811EDA011CE959A800ABAB5B /* Info.plist */ = {isa = PBXFileReference; lastKnownFileType = text.plist.xml; path = Info.plist; sourceTree = "<group>"; };
		811EDA061CE959A800ABAB5B /* FrostedFlicksTests.xctest */ = {isa = PBXFileReference; explicitFileType = wrapper.cfbundle; includeInIndex = 0; path = FrostedFlicksTests.xctest; sourceTree = BUILT_PRODUCTS_DIR; };
		811EDA0A1CE959A800ABAB5B /* FrostedFlicksTests.swift */ = {isa = PBXFileReference; lastKnownFileType = sourcecode.swift; path = FrostedFlicksTests.swift; sourceTree = "<group>"; };
		811EDA0C1CE959A800ABAB5B /* Info.plist */ = {isa = PBXFileReference; lastKnownFileType = text.plist.xml; path = Info.plist; sourceTree = "<group>"; };
		811EDA151CE9696600ABAB5B /* FlickrGalleryViewController.swift */ = {isa = PBXFileReference; fileEncoding = 4; lastKnownFileType = sourcecode.swift; path = FlickrGalleryViewController.swift; sourceTree = "<group>"; };
		812C53931CEFE3D000A0EA47 /* FlickrApi.swift */ = {isa = PBXFileReference; fileEncoding = 4; lastKnownFileType = sourcecode.swift; path = FlickrApi.swift; sourceTree = "<group>"; };
		815774551CEC0630004EC3D1 /* FullscreenViewController.swift */ = {isa = PBXFileReference; fileEncoding = 4; lastKnownFileType = sourcecode.swift; path = FullscreenViewController.swift; sourceTree = "<group>"; };
		81CA0B331CE9ACB400053FAC /* FlickrImage.swift */ = {isa = PBXFileReference; fileEncoding = 4; lastKnownFileType = sourcecode.swift; path = FlickrImage.swift; sourceTree = "<group>"; };
		81CA0B371CEA788F00053FAC /* FlickrImageTableViewCell.swift */ = {isa = PBXFileReference; fileEncoding = 4; lastKnownFileType = sourcecode.swift; path = FlickrImageTableViewCell.swift; sourceTree = "<group>"; };
		8B28A8118049C975C472FCAE /* Pods_FrostedFlicksTests.framework */ = {isa = PBXFileReference; explicitFileType = wrapper.framework; includeInIndex = 0; path = Pods_FrostedFlicksTests.framework; sourceTree = BUILT_PRODUCTS_DIR; };
		AE94C1E3FAF05DD3F957FFD7 /* Pods-FrostedFlicks.debug.xcconfig */ = {isa = PBXFileReference; includeInIndex = 1; lastKnownFileType = text.xcconfig; name = "Pods-FrostedFlicks.debug.xcconfig"; path = "Pods/Target Support Files/Pods-FrostedFlicks/Pods-FrostedFlicks.debug.xcconfig"; sourceTree = "<group>"; };
		C8441D2054262807A0CE8D7E /* Pods-FrostedFlicksTests.debug.xcconfig */ = {isa = PBXFileReference; includeInIndex = 1; lastKnownFileType = text.xcconfig; name = "Pods-FrostedFlicksTests.debug.xcconfig"; path = "Pods/Target Support Files/Pods-FrostedFlicksTests/Pods-FrostedFlicksTests.debug.xcconfig"; sourceTree = "<group>"; };
		EEA2B70EF684A739D018DD68 /* Pods_FrostedFlicks.framework */ = {isa = PBXFileReference; explicitFileType = wrapper.framework; includeInIndex = 0; path = Pods_FrostedFlicks.framework; sourceTree = BUILT_PRODUCTS_DIR; };
/* End PBXFileReference section */

/* Begin PBXFrameworksBuildPhase section */
		811ED9EF1CE959A800ABAB5B /* Frameworks */ = {
			isa = PBXFrameworksBuildPhase;
			buildActionMask = 2147483647;
			files = (
				B73D858C5E39774119378FE0 /* Pods_FrostedFlicks.framework in Frameworks */,
			);
			runOnlyForDeploymentPostprocessing = 0;
		};
		811EDA031CE959A800ABAB5B /* Frameworks */ = {
			isa = PBXFrameworksBuildPhase;
			buildActionMask = 2147483647;
			files = (
				A65227D629F70FF2170C85B3 /* Pods_FrostedFlicksTests.framework in Frameworks */,
			);
			runOnlyForDeploymentPostprocessing = 0;
		};
/* End PBXFrameworksBuildPhase section */

/* Begin PBXGroup section */
		76D73F25D0FDD970DEB1D82E /* Frameworks */ = {
			isa = PBXGroup;
			children = (
				EEA2B70EF684A739D018DD68 /* Pods_FrostedFlicks.framework */,
				8B28A8118049C975C472FCAE /* Pods_FrostedFlicksTests.framework */,
			);
			name = Frameworks;
			sourceTree = "<group>";
		};
		811ED9E91CE959A800ABAB5B = {
			isa = PBXGroup;
			children = (
				811ED9F41CE959A800ABAB5B /* FrostedFlicks */,
				811EDA091CE959A800ABAB5B /* FrostedFlicksTests */,
				811ED9F31CE959A800ABAB5B /* Products */,
				E1EA5BC9CBA1A3FCB15793B6 /* Pods */,
				76D73F25D0FDD970DEB1D82E /* Frameworks */,
			);
			sourceTree = "<group>";
		};
		811ED9F31CE959A800ABAB5B /* Products */ = {
			isa = PBXGroup;
			children = (
				811ED9F21CE959A800ABAB5B /* FrostedFlicks.app */,
				811EDA061CE959A800ABAB5B /* FrostedFlicksTests.xctest */,
			);
			name = Products;
			sourceTree = "<group>";
		};
		811ED9F41CE959A800ABAB5B /* FrostedFlicks */ = {
			isa = PBXGroup;
			children = (
				812C53981CEFE46A00A0EA47 /* API */,
				812C53971CEFE45B00A0EA47 /* Controllers */,
				812C53961CEFE44A00A0EA47 /* Views */,
				812C53951CEFE42A00A0EA47 /* Models */,
				811ED9F51CE959A800ABAB5B /* AppDelegate.swift */,
				811ED9F91CE959A800ABAB5B /* Main.storyboard */,
				811ED9FC1CE959A800ABAB5B /* Assets.xcassets */,
				811EDA011CE959A800ABAB5B /* Info.plist */,
			);
			path = FrostedFlicks;
			sourceTree = "<group>";
		};
		811EDA091CE959A800ABAB5B /* FrostedFlicksTests */ = {
			isa = PBXGroup;
			children = (
				811EDA0A1CE959A800ABAB5B /* FrostedFlicksTests.swift */,
				811EDA0C1CE959A800ABAB5B /* Info.plist */,
			);
			path = FrostedFlicksTests;
			sourceTree = "<group>";
		};
		812C53951CEFE42A00A0EA47 /* Models */ = {
			isa = PBXGroup;
			children = (
				81CA0B331CE9ACB400053FAC /* FlickrImage.swift */,
			);
			name = Models;
			sourceTree = "<group>";
		};
		812C53961CEFE44A00A0EA47 /* Views */ = {
			isa = PBXGroup;
			children = (
				81CA0B371CEA788F00053FAC /* FlickrImageTableViewCell.swift */,
			);
			name = Views;
			sourceTree = "<group>";
		};
		812C53971CEFE45B00A0EA47 /* Controllers */ = {
			isa = PBXGroup;
			children = (
				811EDA151CE9696600ABAB5B /* FlickrGalleryViewController.swift */,
				815774551CEC0630004EC3D1 /* FullscreenViewController.swift */,
			);
			name = Controllers;
			sourceTree = "<group>";
		};
		812C53981CEFE46A00A0EA47 /* API */ = {
			isa = PBXGroup;
			children = (
				812C53931CEFE3D000A0EA47 /* FlickrApi.swift */,
			);
			name = API;
			sourceTree = "<group>";
		};
		E1EA5BC9CBA1A3FCB15793B6 /* Pods */ = {
			isa = PBXGroup;
			children = (
				AE94C1E3FAF05DD3F957FFD7 /* Pods-FrostedFlicks.debug.xcconfig */,
				0F915E0DCF605754BF1CB2E6 /* Pods-FrostedFlicks.release.xcconfig */,
				C8441D2054262807A0CE8D7E /* Pods-FrostedFlicksTests.debug.xcconfig */,
				36DA7F959ADC480C6E6B8079 /* Pods-FrostedFlicksTests.release.xcconfig */,
			);
			name = Pods;
			sourceTree = "<group>";
		};
/* End PBXGroup section */

/* Begin PBXNativeTarget section */
		811ED9F11CE959A800ABAB5B /* FrostedFlicks */ = {
			isa = PBXNativeTarget;
			buildConfigurationList = 811EDA0F1CE959A800ABAB5B /* Build configuration list for PBXNativeTarget "FrostedFlicks" */;
			buildPhases = (
				4AE8DDABB6F9FD0E36BA2DD6 /* 📦 Check Pods Manifest.lock */,
				811ED9EE1CE959A800ABAB5B /* Sources */,
				811ED9EF1CE959A800ABAB5B /* Frameworks */,
				811ED9F01CE959A800ABAB5B /* Resources */,
				214495C9F77667EF4B2473B8 /* 📦 Embed Pods Frameworks */,
				F955F632D1A1CBB0F940F2F0 /* 📦 Copy Pods Resources */,
			);
			buildRules = (
			);
			dependencies = (
			);
			name = FrostedFlicks;
			productName = FrostedFlicks;
			productReference = 811ED9F21CE959A800ABAB5B /* FrostedFlicks.app */;
			productType = "com.apple.product-type.application";
		};
		811EDA051CE959A800ABAB5B /* FrostedFlicksTests */ = {
			isa = PBXNativeTarget;
			buildConfigurationList = 811EDA121CE959A800ABAB5B /* Build configuration list for PBXNativeTarget "FrostedFlicksTests" */;
			buildPhases = (
				3F6C90284D426C756234D0AD /* 📦 Check Pods Manifest.lock */,
				811EDA021CE959A800ABAB5B /* Sources */,
				811EDA031CE959A800ABAB5B /* Frameworks */,
				811EDA041CE959A800ABAB5B /* Resources */,
				66311B23988BD842CA03ABBF /* 📦 Embed Pods Frameworks */,
				16BF7C8468CD48F4A91D6936 /* 📦 Copy Pods Resources */,
			);
			buildRules = (
			);
			dependencies = (
				811EDA081CE959A800ABAB5B /* PBXTargetDependency */,
			);
			name = FrostedFlicksTests;
			productName = FrostedFlicksTests;
			productReference = 811EDA061CE959A800ABAB5B /* FrostedFlicksTests.xctest */;
			productType = "com.apple.product-type.bundle.unit-test";
		};
/* End PBXNativeTarget section */

/* Begin PBXProject section */
		811ED9EA1CE959A800ABAB5B /* Project object */ = {
			isa = PBXProject;
			attributes = {
				LastSwiftUpdateCheck = 0730;
				LastUpgradeCheck = 0730;
				ORGANIZATIONNAME = "John Kang";
				TargetAttributes = {
					811ED9F11CE959A800ABAB5B = {
						CreatedOnToolsVersion = 7.3.1;
					};
					811EDA051CE959A800ABAB5B = {
						CreatedOnToolsVersion = 7.3.1;
						TestTargetID = 811ED9F11CE959A800ABAB5B;
					};
				};
			};
			buildConfigurationList = 811ED9ED1CE959A800ABAB5B /* Build configuration list for PBXProject "FrostedFlicks" */;
			compatibilityVersion = "Xcode 3.2";
			developmentRegion = English;
			hasScannedForEncodings = 0;
			knownRegions = (
				en,
				Base,
			);
			mainGroup = 811ED9E91CE959A800ABAB5B;
			productRefGroup = 811ED9F31CE959A800ABAB5B /* Products */;
			projectDirPath = "";
			projectRoot = "";
			targets = (
				811ED9F11CE959A800ABAB5B /* FrostedFlicks */,
				811EDA051CE959A800ABAB5B /* FrostedFlicksTests */,
			);
		};
/* End PBXProject section */

/* Begin PBXResourcesBuildPhase section */
		811ED9F01CE959A800ABAB5B /* Resources */ = {
			isa = PBXResourcesBuildPhase;
			buildActionMask = 2147483647;
			files = (
				811ED9FD1CE959A800ABAB5B /* Assets.xcassets in Resources */,
				811ED9FB1CE959A800ABAB5B /* Main.storyboard in Resources */,
			);
			runOnlyForDeploymentPostprocessing = 0;
		};
		811EDA041CE959A800ABAB5B /* Resources */ = {
			isa = PBXResourcesBuildPhase;
			buildActionMask = 2147483647;
			files = (
			);
			runOnlyForDeploymentPostprocessing = 0;
		};
/* End PBXResourcesBuildPhase section */

/* Begin PBXShellScriptBuildPhase section */
		16BF7C8468CD48F4A91D6936 /* 📦 Copy Pods Resources */ = {
			isa = PBXShellScriptBuildPhase;
			buildActionMask = 2147483647;
			files = (
			);
			inputPaths = (
			);
			name = "📦 Copy Pods Resources";
			outputPaths = (
			);
			runOnlyForDeploymentPostprocessing = 0;
			shellPath = /bin/sh;
			shellScript = "\"${SRCROOT}/Pods/Target Support Files/Pods-FrostedFlicksTests/Pods-FrostedFlicksTests-resources.sh\"\n";
			showEnvVarsInLog = 0;
		};
		214495C9F77667EF4B2473B8 /* 📦 Embed Pods Frameworks */ = {
			isa = PBXShellScriptBuildPhase;
			buildActionMask = 2147483647;
			files = (
			);
			inputPaths = (
			);
			name = "📦 Embed Pods Frameworks";
			outputPaths = (
			);
			runOnlyForDeploymentPostprocessing = 0;
			shellPath = /bin/sh;
			shellScript = "\"${SRCROOT}/Pods/Target Support Files/Pods-FrostedFlicks/Pods-FrostedFlicks-frameworks.sh\"\n";
			showEnvVarsInLog = 0;
		};
		3F6C90284D426C756234D0AD /* 📦 Check Pods Manifest.lock */ = {
			isa = PBXShellScriptBuildPhase;
			buildActionMask = 2147483647;
			files = (
			);
			inputPaths = (
			);
			name = "📦 Check Pods Manifest.lock";
			outputPaths = (
			);
			runOnlyForDeploymentPostprocessing = 0;
			shellPath = /bin/sh;
			shellScript = "diff \"${PODS_ROOT}/../Podfile.lock\" \"${PODS_ROOT}/Manifest.lock\" > /dev/null\nif [[ $? != 0 ]] ; then\n    cat << EOM\nerror: The sandbox is not in sync with the Podfile.lock. Run 'pod install' or update your CocoaPods installation.\nEOM\n    exit 1\nfi\n";
			showEnvVarsInLog = 0;
		};
		4AE8DDABB6F9FD0E36BA2DD6 /* 📦 Check Pods Manifest.lock */ = {
			isa = PBXShellScriptBuildPhase;
			buildActionMask = 2147483647;
			files = (
			);
			inputPaths = (
			);
			name = "📦 Check Pods Manifest.lock";
			outputPaths = (
			);
			runOnlyForDeploymentPostprocessing = 0;
			shellPath = /bin/sh;
			shellScript = "diff \"${PODS_ROOT}/../Podfile.lock\" \"${PODS_ROOT}/Manifest.lock\" > /dev/null\nif [[ $? != 0 ]] ; then\n    cat << EOM\nerror: The sandbox is not in sync with the Podfile.lock. Run 'pod install' or update your CocoaPods installation.\nEOM\n    exit 1\nfi\n";
			showEnvVarsInLog = 0;
		};
		66311B23988BD842CA03ABBF /* 📦 Embed Pods Frameworks */ = {
			isa = PBXShellScriptBuildPhase;
			buildActionMask = 2147483647;
			files = (
			);
			inputPaths = (
			);
			name = "📦 Embed Pods Frameworks";
			outputPaths = (
			);
			runOnlyForDeploymentPostprocessing = 0;
			shellPath = /bin/sh;
			shellScript = "\"${SRCROOT}/Pods/Target Support Files/Pods-FrostedFlicksTests/Pods-FrostedFlicksTests-frameworks.sh\"\n";
			showEnvVarsInLog = 0;
		};
		F955F632D1A1CBB0F940F2F0 /* 📦 Copy Pods Resources */ = {
			isa = PBXShellScriptBuildPhase;
			buildActionMask = 2147483647;
			files = (
			);
			inputPaths = (
			);
			name = "📦 Copy Pods Resources";
			outputPaths = (
			);
			runOnlyForDeploymentPostprocessing = 0;
			shellPath = /bin/sh;
			shellScript = "\"${SRCROOT}/Pods/Target Support Files/Pods-FrostedFlicks/Pods-FrostedFlicks-resources.sh\"\n";
			showEnvVarsInLog = 0;
		};
/* End PBXShellScriptBuildPhase section */

/* Begin PBXSourcesBuildPhase section */
		811ED9EE1CE959A800ABAB5B /* Sources */ = {
			isa = PBXSourcesBuildPhase;
			buildActionMask = 2147483647;
			files = (
				811EDA161CE9696600ABAB5B /* FlickrGalleryViewController.swift in Sources */,
				815774561CEC0630004EC3D1 /* FullscreenViewController.swift in Sources */,
				811ED9F61CE959A800ABAB5B /* AppDelegate.swift in Sources */,
				81CA0B381CEA788F00053FAC /* FlickrImageTableViewCell.swift in Sources */,
				81CA0B341CE9ACB400053FAC /* FlickrImage.swift in Sources */,
				812C53941CEFE3D000A0EA47 /* FlickrApi.swift in Sources */,
			);
			runOnlyForDeploymentPostprocessing = 0;
		};
		811EDA021CE959A800ABAB5B /* Sources */ = {
			isa = PBXSourcesBuildPhase;
			buildActionMask = 2147483647;
			files = (
				811EDA0B1CE959A800ABAB5B /* FrostedFlicksTests.swift in Sources */,
			);
			runOnlyForDeploymentPostprocessing = 0;
		};
/* End PBXSourcesBuildPhase section */

/* Begin PBXTargetDependency section */
		811EDA081CE959A800ABAB5B /* PBXTargetDependency */ = {
			isa = PBXTargetDependency;
			target = 811ED9F11CE959A800ABAB5B /* FrostedFlicks */;
			targetProxy = 811EDA071CE959A800ABAB5B /* PBXContainerItemProxy */;
		};
/* End PBXTargetDependency section */

/* Begin PBXVariantGroup section */
		811ED9F91CE959A800ABAB5B /* Main.storyboard */ = {
			isa = PBXVariantGroup;
			children = (
				811ED9FA1CE959A800ABAB5B /* Base */,
			);
			name = Main.storyboard;
			sourceTree = "<group>";
		};
/* End PBXVariantGroup section */

/* Begin XCBuildConfiguration section */
		811EDA0D1CE959A800ABAB5B /* Debug */ = {
			isa = XCBuildConfiguration;
			buildSettings = {
				ALWAYS_SEARCH_USER_PATHS = NO;
				CLANG_ANALYZER_NONNULL = YES;
				CLANG_CXX_LANGUAGE_STANDARD = "gnu++0x";
				CLANG_CXX_LIBRARY = "libc++";
				CLANG_ENABLE_MODULES = YES;
				CLANG_ENABLE_OBJC_ARC = YES;
				CLANG_WARN_BOOL_CONVERSION = YES;
				CLANG_WARN_CONSTANT_CONVERSION = YES;
				CLANG_WARN_DIRECT_OBJC_ISA_USAGE = YES_ERROR;
				CLANG_WARN_EMPTY_BODY = YES;
				CLANG_WARN_ENUM_CONVERSION = YES;
				CLANG_WARN_INT_CONVERSION = YES;
				CLANG_WARN_OBJC_ROOT_CLASS = YES_ERROR;
				CLANG_WARN_UNREACHABLE_CODE = YES;
				CLANG_WARN__DUPLICATE_METHOD_MATCH = YES;
				"CODE_SIGN_IDENTITY[sdk=iphoneos*]" = "iPhone Developer";
				COPY_PHASE_STRIP = NO;
				DEBUG_INFORMATION_FORMAT = dwarf;
				ENABLE_STRICT_OBJC_MSGSEND = YES;
				ENABLE_TESTABILITY = YES;
				GCC_C_LANGUAGE_STANDARD = gnu99;
				GCC_DYNAMIC_NO_PIC = NO;
				GCC_NO_COMMON_BLOCKS = YES;
				GCC_OPTIMIZATION_LEVEL = 0;
				GCC_PREPROCESSOR_DEFINITIONS = (
					"DEBUG=1",
					"$(inherited)",
				);
				GCC_WARN_64_TO_32_BIT_CONVERSION = YES;
				GCC_WARN_ABOUT_RETURN_TYPE = YES_ERROR;
				GCC_WARN_UNDECLARED_SELECTOR = YES;
				GCC_WARN_UNINITIALIZED_AUTOS = YES_AGGRESSIVE;
				GCC_WARN_UNUSED_FUNCTION = YES;
				GCC_WARN_UNUSED_VARIABLE = YES;
				IPHONEOS_DEPLOYMENT_TARGET = 9.3;
				MTL_ENABLE_DEBUG_INFO = YES;
				ONLY_ACTIVE_ARCH = YES;
				SDKROOT = iphoneos;
				SWIFT_OPTIMIZATION_LEVEL = "-Onone";
				TARGETED_DEVICE_FAMILY = "1,2";
			};
			name = Debug;
		};
		811EDA0E1CE959A800ABAB5B /* Release */ = {
			isa = XCBuildConfiguration;
			buildSettings = {
				ALWAYS_SEARCH_USER_PATHS = NO;
				CLANG_ANALYZER_NONNULL = YES;
				CLANG_CXX_LANGUAGE_STANDARD = "gnu++0x";
				CLANG_CXX_LIBRARY = "libc++";
				CLANG_ENABLE_MODULES = YES;
				CLANG_ENABLE_OBJC_ARC = YES;
				CLANG_WARN_BOOL_CONVERSION = YES;
				CLANG_WARN_CONSTANT_CONVERSION = YES;
				CLANG_WARN_DIRECT_OBJC_ISA_USAGE = YES_ERROR;
				CLANG_WARN_EMPTY_BODY = YES;
				CLANG_WARN_ENUM_CONVERSION = YES;
				CLANG_WARN_INT_CONVERSION = YES;
				CLANG_WARN_OBJC_ROOT_CLASS = YES_ERROR;
				CLANG_WARN_UNREACHABLE_CODE = YES;
				CLANG_WARN__DUPLICATE_METHOD_MATCH = YES;
				"CODE_SIGN_IDENTITY[sdk=iphoneos*]" = "iPhone Developer";
				COPY_PHASE_STRIP = NO;
				DEBUG_INFORMATION_FORMAT = "dwarf-with-dsym";
				ENABLE_NS_ASSERTIONS = NO;
				ENABLE_STRICT_OBJC_MSGSEND = YES;
				GCC_C_LANGUAGE_STANDARD = gnu99;
				GCC_NO_COMMON_BLOCKS = YES;
				GCC_WARN_64_TO_32_BIT_CONVERSION = YES;
				GCC_WARN_ABOUT_RETURN_TYPE = YES_ERROR;
				GCC_WARN_UNDECLARED_SELECTOR = YES;
				GCC_WARN_UNINITIALIZED_AUTOS = YES_AGGRESSIVE;
				GCC_WARN_UNUSED_FUNCTION = YES;
				GCC_WARN_UNUSED_VARIABLE = YES;
				IPHONEOS_DEPLOYMENT_TARGET = 9.3;
				MTL_ENABLE_DEBUG_INFO = NO;
				SDKROOT = iphoneos;
				TARGETED_DEVICE_FAMILY = "1,2";
				VALIDATE_PRODUCT = YES;
			};
			name = Release;
		};
		811EDA101CE959A800ABAB5B /* Debug */ = {
			isa = XCBuildConfiguration;
			baseConfigurationReference = AE94C1E3FAF05DD3F957FFD7 /* Pods-FrostedFlicks.debug.xcconfig */;
			buildSettings = {
				ASSETCATALOG_COMPILER_APPICON_NAME = AppIcon;
				INFOPLIST_FILE = FrostedFlicks/Info.plist;
				LD_RUNPATH_SEARCH_PATHS = "$(inherited) @executable_path/Frameworks";
				PRODUCT_BUNDLE_IDENTIFIER = com.example.FrostedFlicks;
				PRODUCT_NAME = "$(TARGET_NAME)";
			};
			name = Debug;
		};
		811EDA111CE959A800ABAB5B /* Release */ = {
			isa = XCBuildConfiguration;
			baseConfigurationReference = 0F915E0DCF605754BF1CB2E6 /* Pods-FrostedFlicks.release.xcconfig */;
			buildSettings = {
				ASSETCATALOG_COMPILER_APPICON_NAME = AppIcon;
				INFOPLIST_FILE = FrostedFlicks/Info.plist;
				LD_RUNPATH_SEARCH_PATHS = "$(inherited) @executable_path/Frameworks";
				PRODUCT_BUNDLE_IDENTIFIER = com.example.FrostedFlicks;
				PRODUCT_NAME = "$(TARGET_NAME)";
			};
			name = Release;
		};
		811EDA131CE959A800ABAB5B /* Debug */ = {
			isa = XCBuildConfiguration;
			baseConfigurationReference = C8441D2054262807A0CE8D7E /* Pods-FrostedFlicksTests.debug.xcconfig */;
			buildSettings = {
				BUNDLE_LOADER = "$(TEST_HOST)";
				INFOPLIST_FILE = FrostedFlicksTests/Info.plist;
				LD_RUNPATH_SEARCH_PATHS = "$(inherited) @executable_path/Frameworks @loader_path/Frameworks";
				PRODUCT_BUNDLE_IDENTIFIER = com.example.FrostedFlicksTests;
				PRODUCT_NAME = "$(TARGET_NAME)";
				TEST_HOST = "$(BUILT_PRODUCTS_DIR)/FrostedFlicks.app/FrostedFlicks";
			};
			name = Debug;
		};
		811EDA141CE959A800ABAB5B /* Release */ = {
			isa = XCBuildConfiguration;
			baseConfigurationReference = 36DA7F959ADC480C6E6B8079 /* Pods-FrostedFlicksTests.release.xcconfig */;
			buildSettings = {
				BUNDLE_LOADER = "$(TEST_HOST)";
				INFOPLIST_FILE = FrostedFlicksTests/Info.plist;
				LD_RUNPATH_SEARCH_PATHS = "$(inherited) @executable_path/Frameworks @loader_path/Frameworks";
				PRODUCT_BUNDLE_IDENTIFIER = com.example.FrostedFlicksTests;
				PRODUCT_NAME = "$(TARGET_NAME)";
				TEST_HOST = "$(BUILT_PRODUCTS_DIR)/FrostedFlicks.app/FrostedFlicks";
			};
			name = Release;
		};
/* End XCBuildConfiguration section */

/* Begin XCConfigurationList section */
		811ED9ED1CE959A800ABAB5B /* Build configuration list for PBXProject "FrostedFlicks" */ = {
			isa = XCConfigurationList;
			buildConfigurations = (
				811EDA0D1CE959A800ABAB5B /* Debug */,
				811EDA0E1CE959A800ABAB5B /* Release */,
			);
			defaultConfigurationIsVisible = 0;
			defaultConfigurationName = Release;
		};
		811EDA0F1CE959A800ABAB5B /* Build configuration list for PBXNativeTarget "FrostedFlicks" */ = {
			isa = XCConfigurationList;
			buildConfigurations = (
				811EDA101CE959A800ABAB5B /* Debug */,
				811EDA111CE959A800ABAB5B /* Release */,
			);
			defaultConfigurationIsVisible = 0;
			defaultConfigurationName = Release;
		};
		811EDA121CE959A800ABAB5B /* Build configuration list for PBXNativeTarget "FrostedFlicksTests" */ = {
			isa = XCConfigurationList;
			buildConfigurations = (
				811EDA131CE959A800ABAB5B /* Debug */,
				811EDA141CE959A800ABAB5B /* Release */,
			);
			defaultConfigurationIsVisible = 0;
			defaultConfigurationName = Release;
		};
/* End XCConfigurationList section */
	};
	rootObject = 811ED9EA1CE959A800ABAB5B /* Project object */;
}
