// !$*UTF8*$!
{
	archiveVersion = 1;
	classes = {
	};
	objectVersion = 46;
	objects = {

/* Begin PBXBuildFile section */
		811ED9F61CE959A800ABAB5B /* AppDelegate.swift in Sources */ = {isa = PBXBuildFile; fileRef = 811ED9F51CE959A800ABAB5B /* AppDelegate.swift */; };
		811ED9F81CE959A800ABAB5B /* ViewController.swift in Sources */ = {isa = PBXBuildFile; fileRef = 811ED9F71CE959A800ABAB5B /* ViewController.swift */; };
		811ED9FB1CE959A800ABAB5B /* Main.storyboard in Resources */ = {isa = PBXBuildFile; fileRef = 811ED9F91CE959A800ABAB5B /* Main.storyboard */; };
		811ED9FD1CE959A800ABAB5B /* Assets.xcassets in Resources */ = {isa = PBXBuildFile; fileRef = 811ED9FC1CE959A800ABAB5B /* Assets.xcassets */; };
		811EDA001CE959A800ABAB5B /* LaunchScreen.storyboard in Resources */ = {isa = PBXBuildFile; fileRef = 811ED9FE1CE959A800ABAB5B /* LaunchScreen.storyboard */; };
		811EDA0B1CE959A800ABAB5B /* FrostedFlicksTests.swift in Sources */ = {isa = PBXBuildFile; fileRef = 811EDA0A1CE959A800ABAB5B /* FrostedFlicksTests.swift */; };
/* End PBXBuildFile section */

/* Begin PBXContainerItemProxy section */
		811EDA071CE959A800ABAB5B /* PBXContainerItemProxy */ = {
			isa = PBXContainerItemProxy;
			containerPortal = 811ED9EA1CE959A800ABAB5B /* Project object */;
			proxyType = 1;
			remoteGlobalIDString = 811ED9F11CE959A800ABAB5B;
			remoteInfo = FrostedFlicks;
		};
/* End PBXContainerItemProxy section */

/* Begin PBXFileReference section */
		811ED9F21CE959A800ABAB5B /* FrostedFlicks.app */ = {isa = PBXFileReference; explicitFileType = wrapper.application; includeInIndex = 0; path = FrostedFlicks.app; sourceTree = BUILT_PRODUCTS_DIR; };
		811ED9F51CE959A800ABAB5B /* AppDelegate.swift */ = {isa = PBXFileReference; lastKnownFileType = sourcecode.swift; path = AppDelegate.swift; sourceTree = "<group>"; };
		811ED9F71CE959A800ABAB5B /* ViewController.swift */ = {isa = PBXFileReference; lastKnownFileType = sourcecode.swift; path = ViewController.swift; sourceTree = "<group>"; };
		811ED9FA1CE959A800ABAB5B /* Base */ = {isa = PBXFileReference; lastKnownFileType = file.storyboard; name = Base; path = Base.lproj/Main.storyboard; sourceTree = "<group>"; };
		811ED9FC1CE959A800ABAB5B /* Assets.xcassets */ = {isa = PBXFileReference; lastKnownFileType = folder.assetcatalog; path = Assets.xcassets; sourceTree = "<group>"; };
		811ED9FF1CE959A800ABAB5B /* Base */ = {isa = PBXFileReference; lastKnownFileType = file.storyboard; name = Base; path = Base.lproj/LaunchScreen.storyboard; sourceTree = "<group>"; };
		811EDA011CE959A800ABAB5B /* Info.plist */ = {isa = PBXFileReference; lastKnownFileType = text.plist.xml; path = Info.plist; sourceTree = "<group>"; };
		811EDA061CE959A800ABAB5B /* FrostedFlicksTests.xctest */ = {isa = PBXFileReference; explicitFileType = wrapper.cfbundle; includeInIndex = 0; path = FrostedFlicksTests.xctest; sourceTree = BUILT_PRODUCTS_DIR; };
		811EDA0A1CE959A800ABAB5B /* FrostedFlicksTests.swift */ = {isa = PBXFileReference; lastKnownFileType = sourcecode.swift; path = FrostedFlicksTests.swift; sourceTree = "<group>"; };
		811EDA0C1CE959A800ABAB5B /* Info.plist */ = {isa = PBXFileReference; lastKnownFileType = text.plist.xml; path = Info.plist; sourceTree = "<group>"; };
/* End PBXFileReference section */

/* Begin PBXFrameworksBuildPhase section */
		811ED9EF1CE959A800ABAB5B /* Frameworks */ = {
			isa = PBXFrameworksBuildPhase;
			buildActionMask = 2147483647;
			files = (
			);
			runOnlyForDeploymentPostprocessing = 0;
		};
		811EDA031CE959A800ABAB5B /* Frameworks */ = {
			isa = PBXFrameworksBuildPhase;
			buildActionMask = 2147483647;
			files = (
			);
			runOnlyForDeploymentPostprocessing = 0;
		};
/* End PBXFrameworksBuildPhase section */

/* Begin PBXGroup section */
		811ED9E91CE959A800ABAB5B = {
			isa = PBXGroup;
			children = (
				811ED9F41CE959A800ABAB5B /* FrostedFlicks */,
				811EDA091CE959A800ABAB5B /* FrostedFlicksTests */,
				811ED9F31CE959A800ABAB5B /* Products */,
			);
			sourceTree = "<group>";
		};
		811ED9F31CE959A800ABAB5B /* Products */ = {
			isa = PBXGroup;
			children = (
				811ED9F21CE959A800ABAB5B /* FrostedFlicks.app */,
				811EDA061CE959A800ABAB5B /* FrostedFlicksTests.xctest */,
			);
			name = Products;
			sourceTree = "<group>";
		};
		811ED9F41CE959A800ABAB5B /* FrostedFlicks */ = {
			isa = PBXGroup;
			children = (
				811ED9F51CE959A800ABAB5B /* AppDelegate.swift */,
				811ED9F71CE959A800ABAB5B /* ViewController.swift */,
				811ED9F91CE959A800ABAB5B /* Main.storyboard */,
				811ED9FC1CE959A800ABAB5B /* Assets.xcassets */,
				811ED9FE1CE959A800ABAB5B /* LaunchScreen.storyboard */,
				811EDA011CE959A800ABAB5B /* Info.plist */,
			);
			path = FrostedFlicks;
			sourceTree = "<group>";
		};
		811EDA091CE959A800ABAB5B /* FrostedFlicksTests */ = {
			isa = PBXGroup;
			children = (
				811EDA0A1CE959A800ABAB5B /* FrostedFlicksTests.swift */,
				811EDA0C1CE959A800ABAB5B /* Info.plist */,
			);
			path = FrostedFlicksTests;
			sourceTree = "<group>";
		};
/* End PBXGroup section */

/* Begin PBXNativeTarget section */
		811ED9F11CE959A800ABAB5B /* FrostedFlicks */ = {
			isa = PBXNativeTarget;
			buildConfigurationList = 811EDA0F1CE959A800ABAB5B /* Build configuration list for PBXNativeTarget "FrostedFlicks" */;
			buildPhases = (
				811ED9EE1CE959A800ABAB5B /* Sources */,
				811ED9EF1CE959A800ABAB5B /* Frameworks */,
				811ED9F01CE959A800ABAB5B /* Resources */,
			);
			buildRules = (
			);
			dependencies = (
			);
			name = FrostedFlicks;
			productName = FrostedFlicks;
			productReference = 811ED9F21CE959A800ABAB5B /* FrostedFlicks.app */;
			productType = "com.apple.product-type.application";
		};
		811EDA051CE959A800ABAB5B /* FrostedFlicksTests */ = {
			isa = PBXNativeTarget;
			buildConfigurationList = 811EDA121CE959A800ABAB5B /* Build configuration list for PBXNativeTarget "FrostedFlicksTests" */;
			buildPhases = (
				811EDA021CE959A800ABAB5B /* Sources */,
				811EDA031CE959A800ABAB5B /* Frameworks */,
				811EDA041CE959A800ABAB5B /* Resources */,
			);
			buildRules = (
			);
			dependencies = (
				811EDA081CE959A800ABAB5B /* PBXTargetDependency */,
			);
			name = FrostedFlicksTests;
			productName = FrostedFlicksTests;
			productReference = 811EDA061CE959A800ABAB5B /* FrostedFlicksTests.xctest */;
			productType = "com.apple.product-type.bundle.unit-test";
		};
/* End PBXNativeTarget section */

/* Begin PBXProject section */
		811ED9EA1CE959A800ABAB5B /* Project object */ = {
			isa = PBXProject;
			attributes = {
				LastSwiftUpdateCheck = 0730;
				LastUpgradeCheck = 0730;
				ORGANIZATIONNAME = "John Kang";
				TargetAttributes = {
					811ED9F11CE959A800ABAB5B = {
						CreatedOnToolsVersion = 7.3.1;
					};
					811EDA051CE959A800ABAB5B = {
						CreatedOnToolsVersion = 7.3.1;
						TestTargetID = 811ED9F11CE959A800ABAB5B;
					};
				};
			};
			buildConfigurationList = 811ED9ED1CE959A800ABAB5B /* Build configuration list for PBXProject "FrostedFlicks" */;
			compatibilityVersion = "Xcode 3.2";
			developmentRegion = English;
			hasScannedForEncodings = 0;
			knownRegions = (
				en,
				Base,
			);
			mainGroup = 811ED9E91CE959A800ABAB5B;
			productRefGroup = 811ED9F31CE959A800ABAB5B /* Products */;
			projectDirPath = "";
			projectRoot = "";
			targets = (
				811ED9F11CE959A800ABAB5B /* FrostedFlicks */,
				811EDA051CE959A800ABAB5B /* FrostedFlicksTests */,
			);
		};
/* End PBXProject section */

/* Begin PBXResourcesBuildPhase section */
		811ED9F01CE959A800ABAB5B /* Resources */ = {
			isa = PBXResourcesBuildPhase;
			buildActionMask = 2147483647;
			files = (
				811EDA001CE959A800ABAB5B /* LaunchScreen.storyboard in Resources */,
				811ED9FD1CE959A800ABAB5B /* Assets.xcassets in Resources */,
				811ED9FB1CE959A800ABAB5B /* Main.storyboard in Resources */,
			);
			runOnlyForDeploymentPostprocessing = 0;
		};
		811EDA041CE959A800ABAB5B /* Resources */ = {
			isa = PBXResourcesBuildPhase;
			buildActionMask = 2147483647;
			files = (
			);
			runOnlyForDeploymentPostprocessing = 0;
		};
/* End PBXResourcesBuildPhase section */

/* Begin PBXSourcesBuildPhase section */
		811ED9EE1CE959A800ABAB5B /* Sources */ = {
			isa = PBXSourcesBuildPhase;
			buildActionMask = 2147483647;
			files = (
				811ED9F81CE959A800ABAB5B /* ViewController.swift in Sources */,
				811ED9F61CE959A800ABAB5B /* AppDelegate.swift in Sources */,
			);
			runOnlyForDeploymentPostprocessing = 0;
		};
		811EDA021CE959A800ABAB5B /* Sources */ = {
			isa = PBXSourcesBuildPhase;
			buildActionMask = 2147483647;
			files = (
				811EDA0B1CE959A800ABAB5B /* FrostedFlicksTests.swift in Sources */,
			);
			runOnlyForDeploymentPostprocessing = 0;
		};
/* End PBXSourcesBuildPhase section */

/* Begin PBXTargetDependency section */
		811EDA081CE959A800ABAB5B /* PBXTargetDependency */ = {
			isa = PBXTargetDependency;
			target = 811ED9F11CE959A800ABAB5B /* FrostedFlicks */;
			targetProxy = 811EDA071CE959A800ABAB5B /* PBXContainerItemProxy */;
		};
/* End PBXTargetDependency section */

/* Begin PBXVariantGroup section */
		811ED9F91CE959A800ABAB5B /* Main.storyboard */ = {
			isa = PBXVariantGroup;
			children = (
				811ED9FA1CE959A800ABAB5B /* Base */,
			);
			name = Main.storyboard;
			sourceTree = "<group>";
		};
		811ED9FE1CE959A800ABAB5B /* LaunchScreen.storyboard */ = {
			isa = PBXVariantGroup;
			children = (
				811ED9FF1CE959A800ABAB5B /* Base */,
			);
			name = LaunchScreen.storyboard;
			sourceTree = "<group>";
		};
/* End PBXVariantGroup section */

/* Begin XCBuildConfiguration section */
		811EDA0D1CE959A800ABAB5B /* Debug */ = {
			isa = XCBuildConfiguration;
			buildSettings = {
				ALWAYS_SEARCH_USER_PATHS = NO;
				CLANG_ANALYZER_NONNULL = YES;
				CLANG_CXX_LANGUAGE_STANDARD = "gnu++0x";
				CLANG_CXX_LIBRARY = "libc++";
				CLANG_ENABLE_MODULES = YES;
				CLANG_ENABLE_OBJC_ARC = YES;
				CLANG_WARN_BOOL_CONVERSION = YES;
				CLANG_WARN_CONSTANT_CONVERSION = YES;
				CLANG_WARN_DIRECT_OBJC_ISA_USAGE = YES_ERROR;
				CLANG_WARN_EMPTY_BODY = YES;
				CLANG_WARN_ENUM_CONVERSION = YES;
				CLANG_WARN_INT_CONVERSION = YES;
				CLANG_WARN_OBJC_ROOT_CLASS = YES_ERROR;
				CLANG_WARN_UNREACHABLE_CODE = YES;
				CLANG_WARN__DUPLICATE_METHOD_MATCH = YES;
				"CODE_SIGN_IDENTITY[sdk=iphoneos*]" = "iPhone Developer";
				COPY_PHASE_STRIP = NO;
				DEBUG_INFORMATION_FORMAT = dwarf;
				ENABLE_STRICT_OBJC_MSGSEND = YES;
				ENABLE_TESTABILITY = YES;
				GCC_C_LANGUAGE_STANDARD = gnu99;
				GCC_DYNAMIC_NO_PIC = NO;
				GCC_NO_COMMON_BLOCKS = YES;
				GCC_OPTIMIZATION_LEVEL = 0;
				GCC_PREPROCESSOR_DEFINITIONS = (
					"DEBUG=1",
					"$(inherited)",
				);
				GCC_WARN_64_TO_32_BIT_CONVERSION = YES;
				GCC_WARN_ABOUT_RETURN_TYPE = YES_ERROR;
				GCC_WARN_UNDECLARED_SELECTOR = YES;
				GCC_WARN_UNINITIALIZED_AUTOS = YES_AGGRESSIVE;
				GCC_WARN_UNUSED_FUNCTION = YES;
				GCC_WARN_UNUSED_VARIABLE = YES;
				IPHONEOS_DEPLOYMENT_TARGET = 9.3;
				MTL_ENABLE_DEBUG_INFO = YES;
				ONLY_ACTIVE_ARCH = YES;
				SDKROOT = iphoneos;
				SWIFT_OPTIMIZATION_LEVEL = "-Onone";
				TARGETED_DEVICE_FAMILY = "1,2";
			};
			name = Debug;
		};
		811EDA0E1CE959A800ABAB5B /* Release */ = {
			isa = XCBuildConfiguration;
			buildSettings = {
				ALWAYS_SEARCH_USER_PATHS = NO;
				CLANG_ANALYZER_NONNULL = YES;
				CLANG_CXX_LANGUAGE_STANDARD = "gnu++0x";
				CLANG_CXX_LIBRARY = "libc++";
				CLANG_ENABLE_MODULES = YES;
				CLANG_ENABLE_OBJC_ARC = YES;
				CLANG_WARN_BOOL_CONVERSION = YES;
				CLANG_WARN_CONSTANT_CONVERSION = YES;
				CLANG_WARN_DIRECT_OBJC_ISA_USAGE = YES_ERROR;
				CLANG_WARN_EMPTY_BODY = YES;
				CLANG_WARN_ENUM_CONVERSION = YES;
				CLANG_WARN_INT_CONVERSION = YES;
				CLANG_WARN_OBJC_ROOT_CLASS = YES_ERROR;
				CLANG_WARN_UNREACHABLE_CODE = YES;
				CLANG_WARN__DUPLICATE_METHOD_MATCH = YES;
				"CODE_SIGN_IDENTITY[sdk=iphoneos*]" = "iPhone Developer";
				COPY_PHASE_STRIP = NO;
				DEBUG_INFORMATION_FORMAT = "dwarf-with-dsym";
				ENABLE_NS_ASSERTIONS = NO;
				ENABLE_STRICT_OBJC_MSGSEND = YES;
				GCC_C_LANGUAGE_STANDARD = gnu99;
				GCC_NO_COMMON_BLOCKS = YES;
				GCC_WARN_64_TO_32_BIT_CONVERSION = YES;
				GCC_WARN_ABOUT_RETURN_TYPE = YES_ERROR;
				GCC_WARN_UNDECLARED_SELECTOR = YES;
				GCC_WARN_UNINITIALIZED_AUTOS = YES_AGGRESSIVE;
				GCC_WARN_UNUSED_FUNCTION = YES;
				GCC_WARN_UNUSED_VARIABLE = YES;
				IPHONEOS_DEPLOYMENT_TARGET = 9.3;
				MTL_ENABLE_DEBUG_INFO = NO;
				SDKROOT = iphoneos;
				TARGETED_DEVICE_FAMILY = "1,2";
				VALIDATE_PRODUCT = YES;
			};
			name = Release;
		};
		811EDA101CE959A800ABAB5B /* Debug */ = {
			isa = XCBuildConfiguration;
			buildSettings = {
				ASSETCATALOG_COMPILER_APPICON_NAME = AppIcon;
				INFOPLIST_FILE = FrostedFlicks/Info.plist;
				LD_RUNPATH_SEARCH_PATHS = "$(inherited) @executable_path/Frameworks";
				PRODUCT_BUNDLE_IDENTIFIER = com.example.FrostedFlicks;
				PRODUCT_NAME = "$(TARGET_NAME)";
			};
			name = Debug;
		};
		811EDA111CE959A800ABAB5B /* Release */ = {
			isa = XCBuildConfiguration;
			buildSettings = {
				ASSETCATALOG_COMPILER_APPICON_NAME = AppIcon;
				INFOPLIST_FILE = FrostedFlicks/Info.plist;
				LD_RUNPATH_SEARCH_PATHS = "$(inherited) @executable_path/Frameworks";
				PRODUCT_BUNDLE_IDENTIFIER = com.example.FrostedFlicks;
				PRODUCT_NAME = "$(TARGET_NAME)";
			};
			name = Release;
		};
		811EDA131CE959A800ABAB5B /* Debug */ = {
			isa = XCBuildConfiguration;
			buildSettings = {
				BUNDLE_LOADER = "$(TEST_HOST)";
				INFOPLIST_FILE = FrostedFlicksTests/Info.plist;
				LD_RUNPATH_SEARCH_PATHS = "$(inherited) @executable_path/Frameworks @loader_path/Frameworks";
				PRODUCT_BUNDLE_IDENTIFIER = com.example.FrostedFlicksTests;
				PRODUCT_NAME = "$(TARGET_NAME)";
				TEST_HOST = "$(BUILT_PRODUCTS_DIR)/FrostedFlicks.app/FrostedFlicks";
			};
			name = Debug;
		};
		811EDA141CE959A800ABAB5B /* Release */ = {
			isa = XCBuildConfiguration;
			buildSettings = {
				BUNDLE_LOADER = "$(TEST_HOST)";
				INFOPLIST_FILE = FrostedFlicksTests/Info.plist;
				LD_RUNPATH_SEARCH_PATHS = "$(inherited) @executable_path/Frameworks @loader_path/Frameworks";
				PRODUCT_BUNDLE_IDENTIFIER = com.example.FrostedFlicksTests;
				PRODUCT_NAME = "$(TARGET_NAME)";
				TEST_HOST = "$(BUILT_PRODUCTS_DIR)/FrostedFlicks.app/FrostedFlicks";
			};
			name = Release;
		};
/* End XCBuildConfiguration section */

/* Begin XCConfigurationList section */
		811ED9ED1CE959A800ABAB5B /* Build configuration list for PBXProject "FrostedFlicks" */ = {
			isa = XCConfigurationList;
			buildConfigurations = (
				811EDA0D1CE959A800ABAB5B /* Debug */,
				811EDA0E1CE959A800ABAB5B /* Release */,
			);
			defaultConfigurationIsVisible = 0;
			defaultConfigurationName = Release;
		};
		811EDA0F1CE959A800ABAB5B /* Build configuration list for PBXNativeTarget "FrostedFlicks" */ = {
			isa = XCConfigurationList;
			buildConfigurations = (
				811EDA101CE959A800ABAB5B /* Debug */,
				811EDA111CE959A800ABAB5B /* Release */,
			);
			defaultConfigurationIsVisible = 0;
		};
		811EDA121CE959A800ABAB5B /* Build configuration list for PBXNativeTarget "FrostedFlicksTests" */ = {
			isa = XCConfigurationList;
			buildConfigurations = (
				811EDA131CE959A800ABAB5B /* Debug */,
				811EDA141CE959A800ABAB5B /* Release */,
			);
			defaultConfigurationIsVisible = 0;
		};
/* End XCConfigurationList section */
	};
	rootObject = 811ED9EA1CE959A800ABAB5B /* Project object */;
}
